<?xml version="1.0" encoding="utf-8"?>
<Project ToolsVersion="4.0" xmlns="http://schemas.microsoft.com/developer/msbuild/2003">
  <ItemGroup>
    <Filter Include="Source Files">
      <UniqueIdentifier>{4FC737F1-C7A5-4376-A066-2A32D752A2FF}</UniqueIdentifier>
      <Extensions>cpp;c;cc;cxx;c++;cppm;ixx;def;odl;idl;hpj;bat;asm;asmx</Extensions>
    </Filter>
    <Filter Include="Header Files">
      <UniqueIdentifier>{93995380-89BD-4b04-88EB-625FBE52EBFB}</UniqueIdentifier>
      <Extensions>h;hh;hpp;hxx;h++;hm;inl;inc;ipp;xsd</Extensions>
    </Filter>
    <Filter Include="Core">
      <UniqueIdentifier>{75ac6ca5-7542-4301-ad26-797cb31415c5}</UniqueIdentifier>
    </Filter>
    <Filter Include="Multiplayer">
      <UniqueIdentifier>{a482f9b0-9669-49f1-a61b-55784f01d9e4}</UniqueIdentifier>
    </Filter>
    <Filter Include="Hooks">
      <UniqueIdentifier>{703024e6-9098-44f0-8cca-ceab37bf785c}</UniqueIdentifier>
    </Filter>
    <Filter Include="Multiplayer\Commands">
      <UniqueIdentifier>{3161ef62-cc47-4b6a-8082-ba8d2dafa303}</UniqueIdentifier>
    </Filter>
    <Filter Include="Multiplayer\Network">
      <UniqueIdentifier>{cdb491bf-3614-48d4-9a70-5433ccb29ac0}</UniqueIdentifier>
    </Filter>
    <Filter Include="Multiplayer\combat">
      <UniqueIdentifier>{cd8af64b-fe06-4b6d-a7d6-c6a96eba7ae6}</UniqueIdentifier>
    </Filter>
    <Filter Include="Core\logger">
      <UniqueIdentifier>{ae05f705-9436-452a-95c4-fc3fbc6228e1}</UniqueIdentifier>
    </Filter>
    <Filter Include="Core\config">
      <UniqueIdentifier>{c9f21203-5f01-4ee2-899c-ba3669ac56f5}</UniqueIdentifier>
    </Filter>
    <Filter Include="Core\path">
      <UniqueIdentifier>{40b3469a-70be-4a53-b65e-b4069de3ff5f}</UniqueIdentifier>
    </Filter>
    <Filter Include="Hooks\Memory">
      <UniqueIdentifier>{43d0aaa2-0158-4def-a276-783f0d4b1651}</UniqueIdentifier>
    </Filter>
    <Filter Include="Hooks\Game">
      <UniqueIdentifier>{ff8f9827-1f07-481b-a250-0c48079a8b3f}</UniqueIdentifier>
    </Filter>
    <Filter Include="Multiplayer\posititon">
      <UniqueIdentifier>{5e6f5543-6300-4d1c-a673-94684c56b9f7}</UniqueIdentifier>
    </Filter>
    <Filter Include="MinHook">
      <UniqueIdentifier>{345646fc-8f10-4176-8161-3c2345ef07a2}</UniqueIdentifier>
    </Filter>
    <Filter Include="MinHook\include">
      <UniqueIdentifier>{c6eabd86-01c1-423e-847a-97dd3f41bed8}</UniqueIdentifier>
    </Filter>
    <Filter Include="MinHook\lib">
      <UniqueIdentifier>{a512a56d-0c29-4874-afce-213bb12678d7}</UniqueIdentifier>
    </Filter>
  </ItemGroup>
  <ItemGroup>
    <ClInclude Include="framework.h">
      <Filter>Header Files</Filter>
    </ClInclude>
    <ClInclude Include="HookManager.h">
      <Filter>Hooks</Filter>
    </ClInclude>
    <ClInclude Include="AmalurCoop.h">
      <Filter>Source Files</Filter>
    </ClInclude>
    <ClInclude Include="NetworkManager.h">
      <Filter>Multiplayer\Network</Filter>
    </ClInclude>
    <ClInclude Include="CommandConsole.h">
      <Filter>Multiplayer\Commands</Filter>
    </ClInclude>
    <ClInclude Include="CombatScaler.h">
      <Filter>Multiplayer\combat</Filter>
    </ClInclude>
    <ClInclude Include="LobbyManager.h">
      <Filter>Multiplayer\Network</Filter>
    </ClInclude>
    <ClInclude Include="Logger.h">
      <Filter>Core\logger</Filter>
    </ClInclude>
    <ClInclude Include="Config.h">
      <Filter>Core\config</Filter>
    </ClInclude>
    <ClInclude Include="Paths.h">
      <Filter>Core\path</Filter>
    </ClInclude>
    <ClInclude Include="MemoryScanner.h">
      <Filter>Hooks\Memory</Filter>
    </ClInclude>
    <ClInclude Include="GameState.h">
      <Filter>Hooks\Game</Filter>
    </ClInclude>
    <ClInclude Include="RemotePlayerManager.h">
      <Filter>Hooks\Game</Filter>
    </ClInclude>
    <ClInclude Include="PositionTracker.h">
      <Filter>Multiplayer\posititon</Filter>
    </ClInclude>
    <ClInclude Include="MinHook.h">
      <Filter>MinHook\include</Filter>
    </ClInclude>
  </ItemGroup>
  <ItemGroup>
    <ClCompile Include="dllmain.cpp">
      <Filter>Source Files</Filter>
    </ClCompile>
    <ClCompile Include="HookManager.cpp">
      <Filter>Hooks</Filter>
    </ClCompile>
    <ClCompile Include="AmalurCoop.cpp">
      <Filter>Source Files</Filter>
    </ClCompile>
    <ClCompile Include="NetworkManager.cpp">
      <Filter>Multiplayer\Network</Filter>
    </ClCompile>
    <ClCompile Include="CommandConsole.cpp">
      <Filter>Multiplayer\Commands</Filter>
    </ClCompile>
    <ClCompile Include="CombatScaler.cpp">
      <Filter>Multiplayer\combat</Filter>
    </ClCompile>
    <ClCompile Include="LobbyManager.cpp">
      <Filter>Multiplayer\Network</Filter>
    </ClCompile>
    <ClCompile Include="Logger.cpp">
      <Filter>Core\logger</Filter>
    </ClCompile>
    <ClCompile Include="Config.cpp">
      <Filter>Core\config</Filter>
    </ClCompile>
    <ClCompile Include="Paths.cpp">
      <Filter>Core\path</Filter>
    </ClCompile>
    <ClCompile Include="MemoryScanner.cpp">
      <Filter>Hooks\Memory</Filter>
    </ClCompile>
    <ClCompile Include="GameState.cpp">
      <Filter>Hooks\Game</Filter>
    </ClCompile>
    <ClCompile Include="RemotePlayerManager.cpp">
      <Filter>Hooks\Game</Filter>
    </ClCompile>
    <ClCompile Include="PositionTracker.cpp">
      <Filter>Multiplayer\posititon</Filter>
    </ClCompile>
  </ItemGroup>
  <ItemGroup>
    <Library Include="MinHook.x86.lib">
      <Filter>MinHook\lib</Filter>
    </Library>
  </ItemGroup>
</Project>